PODS:
  - NativeScriptSDK (8.4.2)
  - NativeScriptUI (0.1.1)

DEPENDENCIES:
  - NativeScriptSDK (~> 8.4.2)
  - NativeScriptUI

SPEC REPOS:
  trunk:
    - NativeScriptSDK
    - NativeScriptUI

SPEC CHECKSUMS:
  NativeScriptSDK: 52c027949a94137d9215c2a955f8e1102cbb34a6
  NativeScriptUI: f825b88da6cd04f435f18f1eeda67a0c4e5a822c

PODFILE CHECKSUM: 8e8d539a27583569e214f58c36fb3a951ab716ed

COCOAPODS: 1.11.3
