PODS:
  - NativeScriptSDK (8.4.2)
  - NativeScriptUI (0.1.2)

DEPENDENCIES:
  - NativeScriptSDK (~> 8.4.2)
  - NativeScriptUI (~> 0.1.2)

SPEC REPOS:
  trunk:
    - NativeScriptSDK
    - NativeScriptUI

SPEC CHECKSUMS:
  NativeScriptSDK: 52c027949a94137d9215c2a955f8e1102cbb34a6
  NativeScriptUI: b7352a0cf41db1b57f97f4dfa63fb592e1778040

PODFILE CHECKSUM: 2ff99cba69813c6101a82b7ef9891e219afd716d

COCOAPODS: 1.12.1
